
Microsoft Visual Studio Solution File, Format Version 12.00
# Visual Studio 15
VisualStudioVersion = 15.0.27703.2035
MinimumVisualStudioVersion = 10.0.40219.1
Project("{FAE04EC0-301F-11D3-BF4B-00C04F79EFBC}") = "Yggdrasil.Android", "Yggdrasil\Yggdrasil.Android\Yggdrasil.Android.csproj", "{FA08D764-535D-459F-8491-9EAF2B2272C0}"
EndProject
Project("{FAE04EC0-301F-11D3-BF4B-00C04F79EFBC}") = "Yggdrasil.iOS", "Yggdrasil\Yggdrasil.iOS\Yggdrasil.iOS.csproj", "{EAA72773-54B5-48D3-B0D2-DEA391A945F7}"
EndProject
Project("{FAE04EC0-301F-11D3-BF4B-00C04F79EFBC}") = "Yggdrasil.UWP", "Yggdrasil\Yggdrasil.UWP\Yggdrasil.UWP.csproj", "{7FB86434-D942-4618-B87A-7BF6C1AAB32B}"
EndProject
Project("{FAE04EC0-301F-11D3-BF4B-00C04F79EFBC}") = "Yggdrasil", "Yggdrasil\Yggdrasil\Yggdrasil.csproj", "{D22426AB-7AA8-4133-99BB-DCEAC6D69BA6}"
EndProject
Global
	GlobalSection(SolutionConfigurationPlatforms) = preSolution
		Ad-Hoc|Any CPU = Ad-Hoc|Any CPU
		Ad-Hoc|ARM = Ad-Hoc|ARM
		Ad-Hoc|iPhone = Ad-Hoc|iPhone
		Ad-Hoc|iPhoneSimulator = Ad-Hoc|iPhoneSimulator
		Ad-Hoc|x64 = Ad-Hoc|x64
		Ad-Hoc|x86 = Ad-Hoc|x86
		AppStore|Any CPU = AppStore|Any CPU
		AppStore|ARM = AppStore|ARM
		AppStore|iPhone = AppStore|iPhone
		AppStore|iPhoneSimulator = AppStore|iPhoneSimulator
		AppStore|x64 = AppStore|x64
		AppStore|x86 = AppStore|x86
		Debug|Any CPU = Debug|Any CPU
		Debug|ARM = Debug|ARM
		Debug|iPhone = Debug|iPhone
		Debug|iPhoneSimulator = Debug|iPhoneSimulator
		Debug|x64 = Debug|x64
		Debug|x86 = Debug|x86
		Release|Any CPU = Release|Any CPU
		Release|ARM = Release|ARM
		Release|iPhone = Release|iPhone
		Release|iPhoneSimulator = Release|iPhoneSimulator
		Release|x64 = Release|x64
		Release|x86 = Release|x86
	EndGlobalSection
	GlobalSection(ProjectConfigurationPlatforms) = postSolution
		{FA08D764-535D-459F-8491-9EAF2B2272C0}.Ad-Hoc|Any CPU.ActiveCfg = Release|Any CPU
		{FA08D764-535D-459F-8491-9EAF2B2272C0}.Ad-Hoc|Any CPU.Build.0 = Release|Any CPU
		{FA08D764-535D-459F-8491-9EAF2B2272C0}.Ad-Hoc|Any CPU.Deploy.0 = Release|Any CPU
		{FA08D764-535D-459F-8491-9EAF2B2272C0}.Ad-Hoc|ARM.ActiveCfg = Release|Any CPU
		{FA08D764-535D-459F-8491-9EAF2B2272C0}.Ad-Hoc|ARM.Build.0 = Release|Any CPU
		{FA08D764-535D-459F-8491-9EAF2B2272C0}.Ad-Hoc|ARM.Deploy.0 = Release|Any CPU
		{FA08D764-535D-459F-8491-9EAF2B2272C0}.Ad-Hoc|iPhone.ActiveCfg = Release|Any CPU
		{FA08D764-535D-459F-8491-9EAF2B2272C0}.Ad-Hoc|iPhone.Build.0 = Release|Any CPU
		{FA08D764-535D-459F-8491-9EAF2B2272C0}.Ad-Hoc|iPhone.Deploy.0 = Release|Any CPU
		{FA08D764-535D-459F-8491-9EAF2B2272C0}.Ad-Hoc|iPhoneSimulator.ActiveCfg = Release|Any CPU
		{FA08D764-535D-459F-8491-9EAF2B2272C0}.Ad-Hoc|iPhoneSimulator.Build.0 = Release|Any CPU
		{FA08D764-535D-459F-8491-9EAF2B2272C0}.Ad-Hoc|iPhoneSimulator.Deploy.0 = Release|Any CPU
		{FA08D764-535D-459F-8491-9EAF2B2272C0}.Ad-Hoc|x64.ActiveCfg = Release|Any CPU
		{FA08D764-535D-459F-8491-9EAF2B2272C0}.Ad-Hoc|x64.Build.0 = Release|Any CPU
		{FA08D764-535D-459F-8491-9EAF2B2272C0}.Ad-Hoc|x64.Deploy.0 = Release|Any CPU
		{FA08D764-535D-459F-8491-9EAF2B2272C0}.Ad-Hoc|x86.ActiveCfg = Release|Any CPU
		{FA08D764-535D-459F-8491-9EAF2B2272C0}.Ad-Hoc|x86.Build.0 = Release|Any CPU
		{FA08D764-535D-459F-8491-9EAF2B2272C0}.Ad-Hoc|x86.Deploy.0 = Release|Any CPU
		{FA08D764-535D-459F-8491-9EAF2B2272C0}.AppStore|Any CPU.ActiveCfg = Release|Any CPU
		{FA08D764-535D-459F-8491-9EAF2B2272C0}.AppStore|Any CPU.Build.0 = Release|Any CPU
		{FA08D764-535D-459F-8491-9EAF2B2272C0}.AppStore|Any CPU.Deploy.0 = Release|Any CPU
		{FA08D764-535D-459F-8491-9EAF2B2272C0}.AppStore|ARM.ActiveCfg = Release|Any CPU
		{FA08D764-535D-459F-8491-9EAF2B2272C0}.AppStore|ARM.Build.0 = Release|Any CPU
		{FA08D764-535D-459F-8491-9EAF2B2272C0}.AppStore|ARM.Deploy.0 = Release|Any CPU
		{FA08D764-535D-459F-8491-9EAF2B2272C0}.AppStore|iPhone.ActiveCfg = Release|Any CPU
		{FA08D764-535D-459F-8491-9EAF2B2272C0}.AppStore|iPhone.Build.0 = Release|Any CPU
		{FA08D764-535D-459F-8491-9EAF2B2272C0}.AppStore|iPhone.Deploy.0 = Release|Any CPU
		{FA08D764-535D-459F-8491-9EAF2B2272C0}.AppStore|iPhoneSimulator.ActiveCfg = Release|Any CPU
		{FA08D764-535D-459F-8491-9EAF2B2272C0}.AppStore|iPhoneSimulator.Build.0 = Release|Any CPU
		{FA08D764-535D-459F-8491-9EAF2B2272C0}.AppStore|iPhoneSimulator.Deploy.0 = Release|Any CPU
		{FA08D764-535D-459F-8491-9EAF2B2272C0}.AppStore|x64.ActiveCfg = Release|Any CPU
		{FA08D764-535D-459F-8491-9EAF2B2272C0}.AppStore|x64.Build.0 = Release|Any CPU
		{FA08D764-535D-459F-8491-9EAF2B2272C0}.AppStore|x64.Deploy.0 = Release|Any CPU
		{FA08D764-535D-459F-8491-9EAF2B2272C0}.AppStore|x86.ActiveCfg = Release|Any CPU
		{FA08D764-535D-459F-8491-9EAF2B2272C0}.AppStore|x86.Build.0 = Release|Any CPU
		{FA08D764-535D-459F-8491-9EAF2B2272C0}.AppStore|x86.Deploy.0 = Release|Any CPU
		{FA08D764-535D-459F-8491-9EAF2B2272C0}.Debug|Any CPU.ActiveCfg = Debug|Any CPU
		{FA08D764-535D-459F-8491-9EAF2B2272C0}.Debug|Any CPU.Build.0 = Debug|Any CPU
		{FA08D764-535D-459F-8491-9EAF2B2272C0}.Debug|Any CPU.Deploy.0 = Debug|Any CPU
		{FA08D764-535D-459F-8491-9EAF2B2272C0}.Debug|ARM.ActiveCfg = Debug|Any CPU
		{FA08D764-535D-459F-8491-9EAF2B2272C0}.Debug|ARM.Build.0 = Debug|Any CPU
		{FA08D764-535D-459F-8491-9EAF2B2272C0}.Debug|ARM.Deploy.0 = Debug|Any CPU
		{FA08D764-535D-459F-8491-9EAF2B2272C0}.Debug|iPhone.ActiveCfg = Debug|Any CPU
		{FA08D764-535D-459F-8491-9EAF2B2272C0}.Debug|iPhone.Build.0 = Debug|Any CPU
		{FA08D764-535D-459F-8491-9EAF2B2272C0}.Debug|iPhone.Deploy.0 = Debug|Any CPU
		{FA08D764-535D-459F-8491-9EAF2B2272C0}.Debug|iPhoneSimulator.ActiveCfg = Debug|Any CPU
		{FA08D764-535D-459F-8491-9EAF2B2272C0}.Debug|iPhoneSimulator.Build.0 = Debug|Any CPU
		{FA08D764-535D-459F-8491-9EAF2B2272C0}.Debug|iPhoneSimulator.Deploy.0 = Debug|Any CPU
		{FA08D764-535D-459F-8491-9EAF2B2272C0}.Debug|x64.ActiveCfg = Debug|Any CPU
		{FA08D764-535D-459F-8491-9EAF2B2272C0}.Debug|x64.Build.0 = Debug|Any CPU
		{FA08D764-535D-459F-8491-9EAF2B2272C0}.Debug|x64.Deploy.0 = Debug|Any CPU
		{FA08D764-535D-459F-8491-9EAF2B2272C0}.Debug|x86.ActiveCfg = Debug|Any CPU
		{FA08D764-535D-459F-8491-9EAF2B2272C0}.Debug|x86.Build.0 = Debug|Any CPU
		{FA08D764-535D-459F-8491-9EAF2B2272C0}.Debug|x86.Deploy.0 = Debug|Any CPU
		{FA08D764-535D-459F-8491-9EAF2B2272C0}.Release|Any CPU.ActiveCfg = Release|Any CPU
		{FA08D764-535D-459F-8491-9EAF2B2272C0}.Release|Any CPU.Build.0 = Release|Any CPU
		{FA08D764-535D-459F-8491-9EAF2B2272C0}.Release|Any CPU.Deploy.0 = Release|Any CPU
		{FA08D764-535D-459F-8491-9EAF2B2272C0}.Release|ARM.ActiveCfg = Release|Any CPU
		{FA08D764-535D-459F-8491-9EAF2B2272C0}.Release|ARM.Build.0 = Release|Any CPU
		{FA08D764-535D-459F-8491-9EAF2B2272C0}.Release|ARM.Deploy.0 = Release|Any CPU
		{FA08D764-535D-459F-8491-9EAF2B2272C0}.Release|iPhone.ActiveCfg = Release|Any CPU
		{FA08D764-535D-459F-8491-9EAF2B2272C0}.Release|iPhone.Build.0 = Release|Any CPU
		{FA08D764-535D-459F-8491-9EAF2B2272C0}.Release|iPhone.Deploy.0 = Release|Any CPU
		{FA08D764-535D-459F-8491-9EAF2B2272C0}.Release|iPhoneSimulator.ActiveCfg = Release|Any CPU
		{FA08D764-535D-459F-8491-9EAF2B2272C0}.Release|iPhoneSimulator.Build.0 = Release|Any CPU
		{FA08D764-535D-459F-8491-9EAF2B2272C0}.Release|iPhoneSimulator.Deploy.0 = Release|Any CPU
		{FA08D764-535D-459F-8491-9EAF2B2272C0}.Release|x64.ActiveCfg = Release|Any CPU
		{FA08D764-535D-459F-8491-9EAF2B2272C0}.Release|x64.Build.0 = Release|Any CPU
		{FA08D764-535D-459F-8491-9EAF2B2272C0}.Release|x64.Deploy.0 = Release|Any CPU
		{FA08D764-535D-459F-8491-9EAF2B2272C0}.Release|x86.ActiveCfg = Release|Any CPU
		{FA08D764-535D-459F-8491-9EAF2B2272C0}.Release|x86.Build.0 = Release|Any CPU
		{FA08D764-535D-459F-8491-9EAF2B2272C0}.Release|x86.Deploy.0 = Release|Any CPU
		{EAA72773-54B5-48D3-B0D2-DEA391A945F7}.Ad-Hoc|Any CPU.ActiveCfg = Ad-Hoc|iPhone
		{EAA72773-54B5-48D3-B0D2-DEA391A945F7}.Ad-Hoc|Any CPU.Build.0 = Ad-Hoc|iPhone
		{EAA72773-54B5-48D3-B0D2-DEA391A945F7}.Ad-Hoc|Any CPU.Deploy.0 = Ad-Hoc|iPhone
		{EAA72773-54B5-48D3-B0D2-DEA391A945F7}.Ad-Hoc|ARM.ActiveCfg = Ad-Hoc|iPhone
		{EAA72773-54B5-48D3-B0D2-DEA391A945F7}.Ad-Hoc|ARM.Build.0 = Ad-Hoc|iPhone
		{EAA72773-54B5-48D3-B0D2-DEA391A945F7}.Ad-Hoc|ARM.Deploy.0 = Ad-Hoc|iPhone
		{EAA72773-54B5-48D3-B0D2-DEA391A945F7}.Ad-Hoc|iPhone.ActiveCfg = Ad-Hoc|iPhone
		{EAA72773-54B5-48D3-B0D2-DEA391A945F7}.Ad-Hoc|iPhone.Build.0 = Ad-Hoc|iPhone
		{EAA72773-54B5-48D3-B0D2-DEA391A945F7}.Ad-Hoc|iPhone.Deploy.0 = Ad-Hoc|iPhone
		{EAA72773-54B5-48D3-B0D2-DEA391A945F7}.Ad-Hoc|iPhoneSimulator.ActiveCfg = Ad-Hoc|iPhoneSimulator
		{EAA72773-54B5-48D3-B0D2-DEA391A945F7}.Ad-Hoc|iPhoneSimulator.Build.0 = Ad-Hoc|iPhoneSimulator
		{EAA72773-54B5-48D3-B0D2-DEA391A945F7}.Ad-Hoc|iPhoneSimulator.Deploy.0 = Ad-Hoc|iPhoneSimulator
		{EAA72773-54B5-48D3-B0D2-DEA391A945F7}.Ad-Hoc|x64.ActiveCfg = Ad-Hoc|iPhone
		{EAA72773-54B5-48D3-B0D2-DEA391A945F7}.Ad-Hoc|x64.Build.0 = Ad-Hoc|iPhone
		{EAA72773-54B5-48D3-B0D2-DEA391A945F7}.Ad-Hoc|x64.Deploy.0 = Ad-Hoc|iPhone
		{EAA72773-54B5-48D3-B0D2-DEA391A945F7}.Ad-Hoc|x86.ActiveCfg = Ad-Hoc|iPhone
		{EAA72773-54B5-48D3-B0D2-DEA391A945F7}.Ad-Hoc|x86.Build.0 = Ad-Hoc|iPhone
		{EAA72773-54B5-48D3-B0D2-DEA391A945F7}.Ad-Hoc|x86.Deploy.0 = Ad-Hoc|iPhone
		{EAA72773-54B5-48D3-B0D2-DEA391A945F7}.AppStore|Any CPU.ActiveCfg = AppStore|iPhone
		{EAA72773-54B5-48D3-B0D2-DEA391A945F7}.AppStore|Any CPU.Build.0 = AppStore|iPhone
		{EAA72773-54B5-48D3-B0D2-DEA391A945F7}.AppStore|Any CPU.Deploy.0 = AppStore|iPhone
		{EAA72773-54B5-48D3-B0D2-DEA391A945F7}.AppStore|ARM.ActiveCfg = AppStore|iPhone
		{EAA72773-54B5-48D3-B0D2-DEA391A945F7}.AppStore|ARM.Build.0 = AppStore|iPhone
		{EAA72773-54B5-48D3-B0D2-DEA391A945F7}.AppStore|ARM.Deploy.0 = AppStore|iPhone
		{EAA72773-54B5-48D3-B0D2-DEA391A945F7}.AppStore|iPhone.ActiveCfg = AppStore|iPhone
		{EAA72773-54B5-48D3-B0D2-DEA391A945F7}.AppStore|iPhone.Build.0 = AppStore|iPhone
		{EAA72773-54B5-48D3-B0D2-DEA391A945F7}.AppStore|iPhone.Deploy.0 = AppStore|iPhone
		{EAA72773-54B5-48D3-B0D2-DEA391A945F7}.AppStore|iPhoneSimulator.ActiveCfg = AppStore|iPhoneSimulator
		{EAA72773-54B5-48D3-B0D2-DEA391A945F7}.AppStore|iPhoneSimulator.Build.0 = AppStore|iPhoneSimulator
		{EAA72773-54B5-48D3-B0D2-DEA391A945F7}.AppStore|iPhoneSimulator.Deploy.0 = AppStore|iPhoneSimulator
		{EAA72773-54B5-48D3-B0D2-DEA391A945F7}.AppStore|x64.ActiveCfg = AppStore|iPhone
		{EAA72773-54B5-48D3-B0D2-DEA391A945F7}.AppStore|x64.Build.0 = AppStore|iPhone
		{EAA72773-54B5-48D3-B0D2-DEA391A945F7}.AppStore|x64.Deploy.0 = AppStore|iPhone
		{EAA72773-54B5-48D3-B0D2-DEA391A945F7}.AppStore|x86.ActiveCfg = AppStore|iPhone
		{EAA72773-54B5-48D3-B0D2-DEA391A945F7}.AppStore|x86.Build.0 = AppStore|iPhone
		{EAA72773-54B5-48D3-B0D2-DEA391A945F7}.AppStore|x86.Deploy.0 = AppStore|iPhone
		{EAA72773-54B5-48D3-B0D2-DEA391A945F7}.Debug|Any CPU.ActiveCfg = Debug|iPhoneSimulator
		{EAA72773-54B5-48D3-B0D2-DEA391A945F7}.Debug|Any CPU.Build.0 = Debug|iPhoneSimulator
		{EAA72773-54B5-48D3-B0D2-DEA391A945F7}.Debug|Any CPU.Deploy.0 = Debug|iPhoneSimulator
		{EAA72773-54B5-48D3-B0D2-DEA391A945F7}.Debug|ARM.ActiveCfg = Debug|iPhone
		{EAA72773-54B5-48D3-B0D2-DEA391A945F7}.Debug|ARM.Build.0 = Debug|iPhone
		{EAA72773-54B5-48D3-B0D2-DEA391A945F7}.Debug|ARM.Deploy.0 = Debug|iPhone
		{EAA72773-54B5-48D3-B0D2-DEA391A945F7}.Debug|iPhone.ActiveCfg = Debug|iPhone
		{EAA72773-54B5-48D3-B0D2-DEA391A945F7}.Debug|iPhone.Build.0 = Debug|iPhone
		{EAA72773-54B5-48D3-B0D2-DEA391A945F7}.Debug|iPhone.Deploy.0 = Debug|iPhone
		{EAA72773-54B5-48D3-B0D2-DEA391A945F7}.Debug|iPhoneSimulator.ActiveCfg = Debug|iPhoneSimulator
		{EAA72773-54B5-48D3-B0D2-DEA391A945F7}.Debug|iPhoneSimulator.Build.0 = Debug|iPhoneSimulator
		{EAA72773-54B5-48D3-B0D2-DEA391A945F7}.Debug|iPhoneSimulator.Deploy.0 = Debug|iPhoneSimulator
		{EAA72773-54B5-48D3-B0D2-DEA391A945F7}.Debug|x64.ActiveCfg = Debug|iPhone
		{EAA72773-54B5-48D3-B0D2-DEA391A945F7}.Debug|x64.Build.0 = Debug|iPhone
		{EAA72773-54B5-48D3-B0D2-DEA391A945F7}.Debug|x64.Deploy.0 = Debug|iPhone
		{EAA72773-54B5-48D3-B0D2-DEA391A945F7}.Debug|x86.ActiveCfg = Debug|iPhone
		{EAA72773-54B5-48D3-B0D2-DEA391A945F7}.Debug|x86.Build.0 = Debug|iPhone
		{EAA72773-54B5-48D3-B0D2-DEA391A945F7}.Debug|x86.Deploy.0 = Debug|iPhone
		{EAA72773-54B5-48D3-B0D2-DEA391A945F7}.Release|Any CPU.ActiveCfg = Release|iPhone
		{EAA72773-54B5-48D3-B0D2-DEA391A945F7}.Release|Any CPU.Build.0 = Release|iPhone
		{EAA72773-54B5-48D3-B0D2-DEA391A945F7}.Release|Any CPU.Deploy.0 = Release|iPhone
		{EAA72773-54B5-48D3-B0D2-DEA391A945F7}.Release|ARM.ActiveCfg = Release|iPhone
		{EAA72773-54B5-48D3-B0D2-DEA391A945F7}.Release|ARM.Build.0 = Release|iPhone
		{EAA72773-54B5-48D3-B0D2-DEA391A945F7}.Release|ARM.Deploy.0 = Release|iPhone
		{EAA72773-54B5-48D3-B0D2-DEA391A945F7}.Release|iPhone.ActiveCfg = Release|iPhone
		{EAA72773-54B5-48D3-B0D2-DEA391A945F7}.Release|iPhone.Build.0 = Release|iPhone
		{EAA72773-54B5-48D3-B0D2-DEA391A945F7}.Release|iPhone.Deploy.0 = Release|iPhone
		{EAA72773-54B5-48D3-B0D2-DEA391A945F7}.Release|iPhoneSimulator.ActiveCfg = Release|iPhoneSimulator
		{EAA72773-54B5-48D3-B0D2-DEA391A945F7}.Release|iPhoneSimulator.Build.0 = Release|iPhoneSimulator
		{EAA72773-54B5-48D3-B0D2-DEA391A945F7}.Release|iPhoneSimulator.Deploy.0 = Release|iPhoneSimulator
		{EAA72773-54B5-48D3-B0D2-DEA391A945F7}.Release|x64.ActiveCfg = Release|iPhone
		{EAA72773-54B5-48D3-B0D2-DEA391A945F7}.Release|x64.Build.0 = Release|iPhone
		{EAA72773-54B5-48D3-B0D2-DEA391A945F7}.Release|x64.Deploy.0 = Release|iPhone
		{EAA72773-54B5-48D3-B0D2-DEA391A945F7}.Release|x86.ActiveCfg = Release|iPhone
		{EAA72773-54B5-48D3-B0D2-DEA391A945F7}.Release|x86.Build.0 = Release|iPhone
		{EAA72773-54B5-48D3-B0D2-DEA391A945F7}.Release|x86.Deploy.0 = Release|iPhone
		{7FB86434-D942-4618-B87A-7BF6C1AAB32B}.Ad-Hoc|Any CPU.ActiveCfg = Release|x86
		{7FB86434-D942-4618-B87A-7BF6C1AAB32B}.Ad-Hoc|Any CPU.Build.0 = Release|x86
		{7FB86434-D942-4618-B87A-7BF6C1AAB32B}.Ad-Hoc|Any CPU.Deploy.0 = Release|x86
		{7FB86434-D942-4618-B87A-7BF6C1AAB32B}.Ad-Hoc|ARM.ActiveCfg = Release|ARM
		{7FB86434-D942-4618-B87A-7BF6C1AAB32B}.Ad-Hoc|ARM.Build.0 = Release|ARM
		{7FB86434-D942-4618-B87A-7BF6C1AAB32B}.Ad-Hoc|ARM.Deploy.0 = Release|ARM
		{7FB86434-D942-4618-B87A-7BF6C1AAB32B}.Ad-Hoc|iPhone.ActiveCfg = Release|x86
		{7FB86434-D942-4618-B87A-7BF6C1AAB32B}.Ad-Hoc|iPhone.Build.0 = Release|x86
		{7FB86434-D942-4618-B87A-7BF6C1AAB32B}.Ad-Hoc|iPhone.Deploy.0 = Release|x86
		{7FB86434-D942-4618-B87A-7BF6C1AAB32B}.Ad-Hoc|iPhoneSimulator.ActiveCfg = Release|x86
		{7FB86434-D942-4618-B87A-7BF6C1AAB32B}.Ad-Hoc|iPhoneSimulator.Build.0 = Release|x86
		{7FB86434-D942-4618-B87A-7BF6C1AAB32B}.Ad-Hoc|iPhoneSimulator.Deploy.0 = Release|x86
		{7FB86434-D942-4618-B87A-7BF6C1AAB32B}.Ad-Hoc|x64.ActiveCfg = Release|x64
		{7FB86434-D942-4618-B87A-7BF6C1AAB32B}.Ad-Hoc|x64.Build.0 = Release|x64
		{7FB86434-D942-4618-B87A-7BF6C1AAB32B}.Ad-Hoc|x64.Deploy.0 = Release|x64
		{7FB86434-D942-4618-B87A-7BF6C1AAB32B}.Ad-Hoc|x86.ActiveCfg = Release|x86
		{7FB86434-D942-4618-B87A-7BF6C1AAB32B}.Ad-Hoc|x86.Build.0 = Release|x86
		{7FB86434-D942-4618-B87A-7BF6C1AAB32B}.Ad-Hoc|x86.Deploy.0 = Release|x86
		{7FB86434-D942-4618-B87A-7BF6C1AAB32B}.AppStore|Any CPU.ActiveCfg = Release|x86
		{7FB86434-D942-4618-B87A-7BF6C1AAB32B}.AppStore|Any CPU.Build.0 = Release|x86
		{7FB86434-D942-4618-B87A-7BF6C1AAB32B}.AppStore|Any CPU.Deploy.0 = Release|x86
		{7FB86434-D942-4618-B87A-7BF6C1AAB32B}.AppStore|ARM.ActiveCfg = Release|ARM
		{7FB86434-D942-4618-B87A-7BF6C1AAB32B}.AppStore|ARM.Build.0 = Release|ARM
		{7FB86434-D942-4618-B87A-7BF6C1AAB32B}.AppStore|ARM.Deploy.0 = Release|ARM
		{7FB86434-D942-4618-B87A-7BF6C1AAB32B}.AppStore|iPhone.ActiveCfg = Release|x86
		{7FB86434-D942-4618-B87A-7BF6C1AAB32B}.AppStore|iPhone.Build.0 = Release|x86
		{7FB86434-D942-4618-B87A-7BF6C1AAB32B}.AppStore|iPhone.Deploy.0 = Release|x86
		{7FB86434-D942-4618-B87A-7BF6C1AAB32B}.AppStore|iPhoneSimulator.ActiveCfg = Release|x86
		{7FB86434-D942-4618-B87A-7BF6C1AAB32B}.AppStore|iPhoneSimulator.Build.0 = Release|x86
		{7FB86434-D942-4618-B87A-7BF6C1AAB32B}.AppStore|iPhoneSimulator.Deploy.0 = Release|x86
		{7FB86434-D942-4618-B87A-7BF6C1AAB32B}.AppStore|x64.ActiveCfg = Release|x64
		{7FB86434-D942-4618-B87A-7BF6C1AAB32B}.AppStore|x64.Build.0 = Release|x64
		{7FB86434-D942-4618-B87A-7BF6C1AAB32B}.AppStore|x64.Deploy.0 = Release|x64
		{7FB86434-D942-4618-B87A-7BF6C1AAB32B}.AppStore|x86.ActiveCfg = Release|x86
		{7FB86434-D942-4618-B87A-7BF6C1AAB32B}.AppStore|x86.Build.0 = Release|x86
		{7FB86434-D942-4618-B87A-7BF6C1AAB32B}.AppStore|x86.Deploy.0 = Release|x86
		{7FB86434-D942-4618-B87A-7BF6C1AAB32B}.Debug|Any CPU.ActiveCfg = Debug|x86
		{7FB86434-D942-4618-B87A-7BF6C1AAB32B}.Debug|Any CPU.Build.0 = Debug|x86
		{7FB86434-D942-4618-B87A-7BF6C1AAB32B}.Debug|Any CPU.Deploy.0 = Debug|x86
		{7FB86434-D942-4618-B87A-7BF6C1AAB32B}.Debug|ARM.ActiveCfg = Debug|ARM
		{7FB86434-D942-4618-B87A-7BF6C1AAB32B}.Debug|ARM.Build.0 = Debug|ARM
		{7FB86434-D942-4618-B87A-7BF6C1AAB32B}.Debug|ARM.Deploy.0 = Debug|ARM
		{7FB86434-D942-4618-B87A-7BF6C1AAB32B}.Debug|iPhone.ActiveCfg = Debug|x86
		{7FB86434-D942-4618-B87A-7BF6C1AAB32B}.Debug|iPhone.Build.0 = Debug|x86
		{7FB86434-D942-4618-B87A-7BF6C1AAB32B}.Debug|iPhone.Deploy.0 = Debug|x86
		{7FB86434-D942-4618-B87A-7BF6C1AAB32B}.Debug|iPhoneSimulator.ActiveCfg = Debug|x86
		{7FB86434-D942-4618-B87A-7BF6C1AAB32B}.Debug|iPhoneSimulator.Build.0 = Debug|x86
		{7FB86434-D942-4618-B87A-7BF6C1AAB32B}.Debug|iPhoneSimulator.Deploy.0 = Debug|x86
		{7FB86434-D942-4618-B87A-7BF6C1AAB32B}.Debug|x64.ActiveCfg = Debug|x64
		{7FB86434-D942-4618-B87A-7BF6C1AAB32B}.Debug|x64.Build.0 = Debug|x64
		{7FB86434-D942-4618-B87A-7BF6C1AAB32B}.Debug|x64.Deploy.0 = Debug|x64
		{7FB86434-D942-4618-B87A-7BF6C1AAB32B}.Debug|x86.ActiveCfg = Debug|x86
		{7FB86434-D942-4618-B87A-7BF6C1AAB32B}.Debug|x86.Build.0 = Debug|x86
		{7FB86434-D942-4618-B87A-7BF6C1AAB32B}.Debug|x86.Deploy.0 = Debug|x86
		{7FB86434-D942-4618-B87A-7BF6C1AAB32B}.Release|Any CPU.ActiveCfg = Release|x86
		{7FB86434-D942-4618-B87A-7BF6C1AAB32B}.Release|Any CPU.Build.0 = Release|x86
		{7FB86434-D942-4618-B87A-7BF6C1AAB32B}.Release|Any CPU.Deploy.0 = Release|x86
		{7FB86434-D942-4618-B87A-7BF6C1AAB32B}.Release|ARM.ActiveCfg = Release|ARM
		{7FB86434-D942-4618-B87A-7BF6C1AAB32B}.Release|ARM.Build.0 = Release|ARM
		{7FB86434-D942-4618-B87A-7BF6C1AAB32B}.Release|ARM.Deploy.0 = Release|ARM
		{7FB86434-D942-4618-B87A-7BF6C1AAB32B}.Release|iPhone.ActiveCfg = Release|x86
		{7FB86434-D942-4618-B87A-7BF6C1AAB32B}.Release|iPhone.Build.0 = Release|x86
		{7FB86434-D942-4618-B87A-7BF6C1AAB32B}.Release|iPhone.Deploy.0 = Release|x86
		{7FB86434-D942-4618-B87A-7BF6C1AAB32B}.Release|iPhoneSimulator.ActiveCfg = Release|x86
		{7FB86434-D942-4618-B87A-7BF6C1AAB32B}.Release|iPhoneSimulator.Build.0 = Release|x86
		{7FB86434-D942-4618-B87A-7BF6C1AAB32B}.Release|iPhoneSimulator.Deploy.0 = Release|x86
		{7FB86434-D942-4618-B87A-7BF6C1AAB32B}.Release|x64.ActiveCfg = Release|x64
		{7FB86434-D942-4618-B87A-7BF6C1AAB32B}.Release|x64.Build.0 = Release|x64
		{7FB86434-D942-4618-B87A-7BF6C1AAB32B}.Release|x64.Deploy.0 = Release|x64
		{7FB86434-D942-4618-B87A-7BF6C1AAB32B}.Release|x86.ActiveCfg = Release|x86
		{7FB86434-D942-4618-B87A-7BF6C1AAB32B}.Release|x86.Build.0 = Release|x86
		{7FB86434-D942-4618-B87A-7BF6C1AAB32B}.Release|x86.Deploy.0 = Release|x86
		{D22426AB-7AA8-4133-99BB-DCEAC6D69BA6}.Ad-Hoc|Any CPU.ActiveCfg = Debug|Any CPU
		{D22426AB-7AA8-4133-99BB-DCEAC6D69BA6}.Ad-Hoc|Any CPU.Build.0 = Debug|Any CPU
		{D22426AB-7AA8-4133-99BB-DCEAC6D69BA6}.Ad-Hoc|Any CPU.Deploy.0 = Debug|Any CPU
		{D22426AB-7AA8-4133-99BB-DCEAC6D69BA6}.Ad-Hoc|ARM.ActiveCfg = Debug|Any CPU
		{D22426AB-7AA8-4133-99BB-DCEAC6D69BA6}.Ad-Hoc|ARM.Build.0 = Debug|Any CPU
		{D22426AB-7AA8-4133-99BB-DCEAC6D69BA6}.Ad-Hoc|ARM.Deploy.0 = Debug|Any CPU
		{D22426AB-7AA8-4133-99BB-DCEAC6D69BA6}.Ad-Hoc|iPhone.ActiveCfg = Debug|Any CPU
		{D22426AB-7AA8-4133-99BB-DCEAC6D69BA6}.Ad-Hoc|iPhone.Build.0 = Debug|Any CPU
		{D22426AB-7AA8-4133-99BB-DCEAC6D69BA6}.Ad-Hoc|iPhone.Deploy.0 = Debug|Any CPU
		{D22426AB-7AA8-4133-99BB-DCEAC6D69BA6}.Ad-Hoc|iPhoneSimulator.ActiveCfg = Debug|Any CPU
		{D22426AB-7AA8-4133-99BB-DCEAC6D69BA6}.Ad-Hoc|iPhoneSimulator.Build.0 = Debug|Any CPU
		{D22426AB-7AA8-4133-99BB-DCEAC6D69BA6}.Ad-Hoc|iPhoneSimulator.Deploy.0 = Debug|Any CPU
		{D22426AB-7AA8-4133-99BB-DCEAC6D69BA6}.Ad-Hoc|x64.ActiveCfg = Debug|Any CPU
		{D22426AB-7AA8-4133-99BB-DCEAC6D69BA6}.Ad-Hoc|x64.Build.0 = Debug|Any CPU
		{D22426AB-7AA8-4133-99BB-DCEAC6D69BA6}.Ad-Hoc|x64.Deploy.0 = Debug|Any CPU
		{D22426AB-7AA8-4133-99BB-DCEAC6D69BA6}.Ad-Hoc|x86.ActiveCfg = Debug|Any CPU
		{D22426AB-7AA8-4133-99BB-DCEAC6D69BA6}.Ad-Hoc|x86.Build.0 = Debug|Any CPU
		{D22426AB-7AA8-4133-99BB-DCEAC6D69BA6}.Ad-Hoc|x86.Deploy.0 = Debug|Any CPU
		{D22426AB-7AA8-4133-99BB-DCEAC6D69BA6}.AppStore|Any CPU.ActiveCfg = Debug|Any CPU
		{D22426AB-7AA8-4133-99BB-DCEAC6D69BA6}.AppStore|Any CPU.Build.0 = Debug|Any CPU
		{D22426AB-7AA8-4133-99BB-DCEAC6D69BA6}.AppStore|Any CPU.Deploy.0 = Debug|Any CPU
		{D22426AB-7AA8-4133-99BB-DCEAC6D69BA6}.AppStore|ARM.ActiveCfg = Debug|Any CPU
		{D22426AB-7AA8-4133-99BB-DCEAC6D69BA6}.AppStore|ARM.Build.0 = Debug|Any CPU
		{D22426AB-7AA8-4133-99BB-DCEAC6D69BA6}.AppStore|ARM.Deploy.0 = Debug|Any CPU
		{D22426AB-7AA8-4133-99BB-DCEAC6D69BA6}.AppStore|iPhone.ActiveCfg = Debug|Any CPU
		{D22426AB-7AA8-4133-99BB-DCEAC6D69BA6}.AppStore|iPhone.Build.0 = Debug|Any CPU
		{D22426AB-7AA8-4133-99BB-DCEAC6D69BA6}.AppStore|iPhone.Deploy.0 = Debug|Any CPU
		{D22426AB-7AA8-4133-99BB-DCEAC6D69BA6}.AppStore|iPhoneSimulator.ActiveCfg = Debug|Any CPU
		{D22426AB-7AA8-4133-99BB-DCEAC6D69BA6}.AppStore|iPhoneSimulator.Build.0 = Debug|Any CPU
		{D22426AB-7AA8-4133-99BB-DCEAC6D69BA6}.AppStore|iPhoneSimulator.Deploy.0 = Debug|Any CPU
		{D22426AB-7AA8-4133-99BB-DCEAC6D69BA6}.AppStore|x64.ActiveCfg = Debug|Any CPU
		{D22426AB-7AA8-4133-99BB-DCEAC6D69BA6}.AppStore|x64.Build.0 = Debug|Any CPU
		{D22426AB-7AA8-4133-99BB-DCEAC6D69BA6}.AppStore|x64.Deploy.0 = Debug|Any CPU
		{D22426AB-7AA8-4133-99BB-DCEAC6D69BA6}.AppStore|x86.ActiveCfg = Debug|Any CPU
		{D22426AB-7AA8-4133-99BB-DCEAC6D69BA6}.AppStore|x86.Build.0 = Debug|Any CPU
		{D22426AB-7AA8-4133-99BB-DCEAC6D69BA6}.AppStore|x86.Deploy.0 = Debug|Any CPU
		{D22426AB-7AA8-4133-99BB-DCEAC6D69BA6}.Debug|Any CPU.ActiveCfg = Debug|Any CPU
		{D22426AB-7AA8-4133-99BB-DCEAC6D69BA6}.Debug|Any CPU.Build.0 = Debug|Any CPU
		{D22426AB-7AA8-4133-99BB-DCEAC6D69BA6}.Debug|Any CPU.Deploy.0 = Debug|Any CPU
		{D22426AB-7AA8-4133-99BB-DCEAC6D69BA6}.Debug|ARM.ActiveCfg = Debug|Any CPU
		{D22426AB-7AA8-4133-99BB-DCEAC6D69BA6}.Debug|ARM.Build.0 = Debug|Any CPU
		{D22426AB-7AA8-4133-99BB-DCEAC6D69BA6}.Debug|ARM.Deploy.0 = Debug|Any CPU
		{D22426AB-7AA8-4133-99BB-DCEAC6D69BA6}.Debug|iPhone.ActiveCfg = Debug|Any CPU
		{D22426AB-7AA8-4133-99BB-DCEAC6D69BA6}.Debug|iPhone.Build.0 = Debug|Any CPU
		{D22426AB-7AA8-4133-99BB-DCEAC6D69BA6}.Debug|iPhone.Deploy.0 = Debug|Any CPU
		{D22426AB-7AA8-4133-99BB-DCEAC6D69BA6}.Debug|iPhoneSimulator.ActiveCfg = Debug|Any CPU
		{D22426AB-7AA8-4133-99BB-DCEAC6D69BA6}.Debug|iPhoneSimulator.Build.0 = Debug|Any CPU
		{D22426AB-7AA8-4133-99BB-DCEAC6D69BA6}.Debug|iPhoneSimulator.Deploy.0 = Debug|Any CPU
		{D22426AB-7AA8-4133-99BB-DCEAC6D69BA6}.Debug|x64.ActiveCfg = Debug|Any CPU
		{D22426AB-7AA8-4133-99BB-DCEAC6D69BA6}.Debug|x64.Build.0 = Debug|Any CPU
		{D22426AB-7AA8-4133-99BB-DCEAC6D69BA6}.Debug|x64.Deploy.0 = Debug|Any CPU
		{D22426AB-7AA8-4133-99BB-DCEAC6D69BA6}.Debug|x86.ActiveCfg = Debug|Any CPU
		{D22426AB-7AA8-4133-99BB-DCEAC6D69BA6}.Debug|x86.Build.0 = Debug|Any CPU
		{D22426AB-7AA8-4133-99BB-DCEAC6D69BA6}.Debug|x86.Deploy.0 = Debug|Any CPU
		{D22426AB-7AA8-4133-99BB-DCEAC6D69BA6}.Release|Any CPU.ActiveCfg = Release|Any CPU
		{D22426AB-7AA8-4133-99BB-DCEAC6D69BA6}.Release|Any CPU.Build.0 = Release|Any CPU
		{D22426AB-7AA8-4133-99BB-DCEAC6D69BA6}.Release|Any CPU.Deploy.0 = Release|Any CPU
		{D22426AB-7AA8-4133-99BB-DCEAC6D69BA6}.Release|ARM.ActiveCfg = Release|Any CPU
		{D22426AB-7AA8-4133-99BB-DCEAC6D69BA6}.Release|ARM.Build.0 = Release|Any CPU
		{D22426AB-7AA8-4133-99BB-DCEAC6D69BA6}.Release|ARM.Deploy.0 = Release|Any CPU
		{D22426AB-7AA8-4133-99BB-DCEAC6D69BA6}.Release|iPhone.ActiveCfg = Release|Any CPU
		{D22426AB-7AA8-4133-99BB-DCEAC6D69BA6}.Release|iPhone.Build.0 = Release|Any CPU
		{D22426AB-7AA8-4133-99BB-DCEAC6D69BA6}.Release|iPhone.Deploy.0 = Release|Any CPU
		{D22426AB-7AA8-4133-99BB-DCEAC6D69BA6}.Release|iPhoneSimulator.ActiveCfg = Release|Any CPU
		{D22426AB-7AA8-4133-99BB-DCEAC6D69BA6}.Release|iPhoneSimulator.Build.0 = Release|Any CPU
		{D22426AB-7AA8-4133-99BB-DCEAC6D69BA6}.Release|iPhoneSimulator.Deploy.0 = Release|Any CPU
		{D22426AB-7AA8-4133-99BB-DCEAC6D69BA6}.Release|x64.ActiveCfg = Release|Any CPU
		{D22426AB-7AA8-4133-99BB-DCEAC6D69BA6}.Release|x64.Build.0 = Release|Any CPU
		{D22426AB-7AA8-4133-99BB-DCEAC6D69BA6}.Release|x64.Deploy.0 = Release|Any CPU
		{D22426AB-7AA8-4133-99BB-DCEAC6D69BA6}.Release|x86.ActiveCfg = Release|Any CPU
		{D22426AB-7AA8-4133-99BB-DCEAC6D69BA6}.Release|x86.Build.0 = Release|Any CPU
		{D22426AB-7AA8-4133-99BB-DCEAC6D69BA6}.Release|x86.Deploy.0 = Release|Any CPU
	EndGlobalSection
	GlobalSection(SolutionProperties) = preSolution
		HideSolutionNode = FALSE
	EndGlobalSection
	GlobalSection(ExtensibilityGlobals) = postSolution
		SolutionGuid = {C375E733-4932-4DEE-B7B2-41CD4695E577}
	EndGlobalSection
EndGlobal
